
Microsoft Visual Studio Solution File, Format Version 12.00
Project("{2150E333-8FDC-42A3-9474-1A3956D46DE8}") = "root", "root", "{FD55EDE4-D8E9-4A4C-8E46-C9FE31679EA0}"
	ProjectSection(SolutionItems) = preProject
		README.md = README.md
		.gitignore = .gitignore
		LICENSE = LICENSE
		.github\workflows\dotnet.yml = .github\workflows\dotnet.yml
	EndProjectSection
EndProject
Project("{FAE04EC0-301F-11D3-BF4B-00C04F79EFBC}") = "SqliteMemoryDatabaseProvider.UnitTests", "tests\SqliteMemoryDatabaseProvider.UnitTests.csproj", "{A5CBCD79-F25C-4856-BA80-CB45BBE82564}"
EndProject
Project("{2150E333-8FDC-42A3-9474-1A3956D46DE8}") = "src", "src", "{9DE6B33B-4350-4D02-A10C-2BE0727E3B17}"
EndProject
Project("{2150E333-8FDC-42A3-9474-1A3956D46DE8}") = "tests", "tests", "{66D072D2-5C23-41B3-9C53-F3EF734DE8E4}"
EndProject
Project("{FAE04EC0-301F-11D3-BF4B-00C04F79EFBC}") = "SqliteMemoryDatabaseProvider.AutoMocker", "src\SqliteMemoryDatabaseProvider.AutoMocker\SqliteMemoryDatabaseProvider.AutoMocker.csproj", "{0569A50E-0228-4E20-9500-90A31EE87BE1}"
EndProject
Project("{FAE04EC0-301F-11D3-BF4B-00C04F79EFBC}") = "SqliteMemoryDatabaseProvider", "src\SqliteMemoryDatabaseProvider\SqliteMemoryDatabaseProvider.csproj", "{47D996FE-ED1A-45BA-ACD7-BE59F490C223}"
EndProject
Global
	GlobalSection(SolutionConfigurationPlatforms) = preSolution
		Debug|Any CPU = Debug|Any CPU
		Release|Any CPU = Release|Any CPU
	EndGlobalSection
	GlobalSection(ProjectConfigurationPlatforms) = postSolution
		{A5CBCD79-F25C-4856-BA80-CB45BBE82564}.Debug|Any CPU.ActiveCfg = Debug|Any CPU
		{A5CBCD79-F25C-4856-BA80-CB45BBE82564}.Debug|Any CPU.Build.0 = Debug|Any CPU
		{A5CBCD79-F25C-4856-BA80-CB45BBE82564}.Release|Any CPU.ActiveCfg = Release|Any CPU
		{A5CBCD79-F25C-4856-BA80-CB45BBE82564}.Release|Any CPU.Build.0 = Release|Any CPU
		{0569A50E-0228-4E20-9500-90A31EE87BE1}.Debug|Any CPU.ActiveCfg = Debug|Any CPU
		{0569A50E-0228-4E20-9500-90A31EE87BE1}.Debug|Any CPU.Build.0 = Debug|Any CPU
		{0569A50E-0228-4E20-9500-90A31EE87BE1}.Release|Any CPU.ActiveCfg = Release|Any CPU
		{0569A50E-0228-4E20-9500-90A31EE87BE1}.Release|Any CPU.Build.0 = Release|Any CPU
		{47D996FE-ED1A-45BA-ACD7-BE59F490C223}.Debug|Any CPU.ActiveCfg = Debug|Any CPU
		{47D996FE-ED1A-45BA-ACD7-BE59F490C223}.Debug|Any CPU.Build.0 = Debug|Any CPU
		{47D996FE-ED1A-45BA-ACD7-BE59F490C223}.Release|Any CPU.ActiveCfg = Release|Any CPU
		{47D996FE-ED1A-45BA-ACD7-BE59F490C223}.Release|Any CPU.Build.0 = Release|Any CPU
	EndGlobalSection
	GlobalSection(NestedProjects) = preSolution
		{A5CBCD79-F25C-4856-BA80-CB45BBE82564} = {66D072D2-5C23-41B3-9C53-F3EF734DE8E4}
		{0569A50E-0228-4E20-9500-90A31EE87BE1} = {9DE6B33B-4350-4D02-A10C-2BE0727E3B17}
		{47D996FE-ED1A-45BA-ACD7-BE59F490C223} = {9DE6B33B-4350-4D02-A10C-2BE0727E3B17}
	EndGlobalSection
EndGlobal
